// !$*UTF8*$!
{
	archiveVersion = 1;
	classes = {
	};
	objectVersion = 46;
	objects = {

/* Begin PBXBuildFile section */
		C2856BFC1D97077200AF1C69 /* AppDelegate.swift in Sources */ = {isa = PBXBuildFile; fileRef = C2856BFB1D97077200AF1C69 /* AppDelegate.swift */; };
		C2856BFE1D97077200AF1C69 /* ViewController.swift in Sources */ = {isa = PBXBuildFile; fileRef = C2856BFD1D97077200AF1C69 /* ViewController.swift */; };
		C2856C011D97077200AF1C69 /* Main.storyboard in Resources */ = {isa = PBXBuildFile; fileRef = C2856BFF1D97077200AF1C69 /* Main.storyboard */; };
		C2856C041D97077200AF1C69 /* ListaDeMercados.xcdatamodeld in Sources */ = {isa = PBXBuildFile; fileRef = C2856C021D97077200AF1C69 /* ListaDeMercados.xcdatamodeld */; };
		C2856C061D97077200AF1C69 /* Assets.xcassets in Resources */ = {isa = PBXBuildFile; fileRef = C2856C051D97077200AF1C69 /* Assets.xcassets */; };
		C2856C091D97077200AF1C69 /* LaunchScreen.storyboard in Resources */ = {isa = PBXBuildFile; fileRef = C2856C071D97077200AF1C69 /* LaunchScreen.storyboard */; };
/* End PBXBuildFile section */

/* Begin PBXFileReference section */
		C2856BF81D97077200AF1C69 /* ListaDeMercados.app */ = {isa = PBXFileReference; explicitFileType = wrapper.application; includeInIndex = 0; path = ListaDeMercados.app; sourceTree = BUILT_PRODUCTS_DIR; };
		C2856BFB1D97077200AF1C69 /* AppDelegate.swift */ = {isa = PBXFileReference; lastKnownFileType = sourcecode.swift; path = AppDelegate.swift; sourceTree = "<group>"; };
		C2856BFD1D97077200AF1C69 /* ViewController.swift */ = {isa = PBXFileReference; lastKnownFileType = sourcecode.swift; path = ViewController.swift; sourceTree = "<group>"; };
		C2856C001D97077200AF1C69 /* Base */ = {isa = PBXFileReference; lastKnownFileType = file.storyboard; name = Base; path = Base.lproj/Main.storyboard; sourceTree = "<group>"; };
		C2856C031D97077200AF1C69 /* ListaDeMercados.xcdatamodel */ = {isa = PBXFileReference; lastKnownFileType = wrapper.xcdatamodel; path = ListaDeMercados.xcdatamodel; sourceTree = "<group>"; };
		C2856C051D97077200AF1C69 /* Assets.xcassets */ = {isa = PBXFileReference; lastKnownFileType = folder.assetcatalog; path = Assets.xcassets; sourceTree = "<group>"; };
		C2856C081D97077200AF1C69 /* Base */ = {isa = PBXFileReference; lastKnownFileType = file.storyboard; name = Base; path = Base.lproj/LaunchScreen.storyboard; sourceTree = "<group>"; };
		C2856C0A1D97077200AF1C69 /* Info.plist */ = {isa = PBXFileReference; lastKnownFileType = text.plist.xml; path = Info.plist; sourceTree = "<group>"; };
/* End PBXFileReference section */

/* Begin PBXFrameworksBuildPhase section */
		C2856BF51D97077200AF1C69 /* Frameworks */ = {
			isa = PBXFrameworksBuildPhase;
			buildActionMask = 2147483647;
			files = (
			);
			runOnlyForDeploymentPostprocessing = 0;
		};
/* End PBXFrameworksBuildPhase section */

/* Begin PBXGroup section */
		C2856BEF1D97077200AF1C69 = {
			isa = PBXGroup;
			children = (
				C2856BFA1D97077200AF1C69 /* ListaDeMercados */,
				C2856BF91D97077200AF1C69 /* Products */,
			);
			sourceTree = "<group>";
		};
		C2856BF91D97077200AF1C69 /* Products */ = {
			isa = PBXGroup;
			children = (
				C2856BF81D97077200AF1C69 /* ListaDeMercados.app */,
			);
			name = Products;
			sourceTree = "<group>";
		};
		C2856BFA1D97077200AF1C69 /* ListaDeMercados */ = {
			isa = PBXGroup;
			children = (
				C2856BFB1D97077200AF1C69 /* AppDelegate.swift */,
				C2856BFD1D97077200AF1C69 /* ViewController.swift */,
				C2856BFF1D97077200AF1C69 /* Main.storyboard */,
				C2856C051D97077200AF1C69 /* Assets.xcassets */,
				C2856C071D97077200AF1C69 /* LaunchScreen.storyboard */,
				C2856C0A1D97077200AF1C69 /* Info.plist */,
				C2856C021D97077200AF1C69 /* ListaDeMercados.xcdatamodeld */,
			);
			path = ListaDeMercados;
			sourceTree = "<group>";
		};
/* End PBXGroup section */

/* Begin PBXNativeTarget section */
		C2856BF71D97077200AF1C69 /* ListaDeMercados */ = {
			isa = PBXNativeTarget;
			buildConfigurationList = C2856C0D1D97077200AF1C69 /* Build configuration list for PBXNativeTarget "ListaDeMercados" */;
			buildPhases = (
				C2856BF41D97077200AF1C69 /* Sources */,
				C2856BF51D97077200AF1C69 /* Frameworks */,
				C2856BF61D97077200AF1C69 /* Resources */,
			);
			buildRules = (
			);
			dependencies = (
			);
			name = ListaDeMercados;
			productName = ListaDeMercados;
			productReference = C2856BF81D97077200AF1C69 /* ListaDeMercados.app */;
			productType = "com.apple.product-type.application";
		};
/* End PBXNativeTarget section */

/* Begin PBXProject section */
		C2856BF01D97077200AF1C69 /* Project object */ = {
			isa = PBXProject;
			attributes = {
				LastSwiftUpdateCheck = 0800;
				LastUpgradeCheck = 0800;
				ORGANIZATIONNAME = culik;
				TargetAttributes = {
					C2856BF71D97077200AF1C69 = {
						CreatedOnToolsVersion = 8.0;
						ProvisioningStyle = Automatic;
					};
				};
			};
			buildConfigurationList = C2856BF31D97077200AF1C69 /* Build configuration list for PBXProject "ListaDeMercados" */;
			compatibilityVersion = "Xcode 3.2";
			developmentRegion = English;
			hasScannedForEncodings = 0;
			knownRegions = (
				en,
				Base,
			);
			mainGroup = C2856BEF1D97077200AF1C69;
			productRefGroup = C2856BF91D97077200AF1C69 /* Products */;
			projectDirPath = "";
			projectRoot = "";
			targets = (
				C2856BF71D97077200AF1C69 /* ListaDeMercados */,
			);
		};
/* End PBXProject section */

/* Begin PBXResourcesBuildPhase section */
		C2856BF61D97077200AF1C69 /* Resources */ = {
			isa = PBXResourcesBuildPhase;
			buildActionMask = 2147483647;
			files = (
				C2856C091D97077200AF1C69 /* LaunchScreen.storyboard in Resources */,
				C2856C061D97077200AF1C69 /* Assets.xcassets in Resources */,
				C2856C011D97077200AF1C69 /* Main.storyboard in Resources */,
			);
			runOnlyForDeploymentPostprocessing = 0;
		};
/* End PBXResourcesBuildPhase section */

/* Begin PBXSourcesBuildPhase section */
		C2856BF41D97077200AF1C69 /* Sources */ = {
			isa = PBXSourcesBuildPhase;
			buildActionMask = 2147483647;
			files = (
				C2856C041D97077200AF1C69 /* ListaDeMercados.xcdatamodeld in Sources */,
				C2856BFE1D97077200AF1C69 /* ViewController.swift in Sources */,
				C2856BFC1D97077200AF1C69 /* AppDelegate.swift in Sources */,
			);
			runOnlyForDeploymentPostprocessing = 0;
		};
/* End PBXSourcesBuildPhase section */

/* Begin PBXVariantGroup section */
		C2856BFF1D97077200AF1C69 /* Main.storyboard */ = {
			isa = PBXVariantGroup;
			children = (
				C2856C001D97077200AF1C69 /* Base */,
			);
			name = Main.storyboard;
			sourceTree = "<group>";
		};
		C2856C071D97077200AF1C69 /* LaunchScreen.storyboard */ = {
			isa = PBXVariantGroup;
			children = (
				C2856C081D97077200AF1C69 /* Base */,
			);
			name = LaunchScreen.storyboard;
			sourceTree = "<group>";
		};
/* End PBXVariantGroup section */

/* Begin XCBuildConfiguration section */
		C2856C0B1D97077200AF1C69 /* Debug */ = {
			isa = XCBuildConfiguration;
			buildSettings = {
				ALWAYS_SEARCH_USER_PATHS = NO;
				CLANG_ANALYZER_NONNULL = YES;
				CLANG_CXX_LANGUAGE_STANDARD = "gnu++0x";
				CLANG_CXX_LIBRARY = "libc++";
				CLANG_ENABLE_MODULES = YES;
				CLANG_ENABLE_OBJC_ARC = YES;
				CLANG_WARN_BOOL_CONVERSION = YES;
				CLANG_WARN_CONSTANT_CONVERSION = YES;
				CLANG_WARN_DIRECT_OBJC_ISA_USAGE = YES_ERROR;
				CLANG_WARN_DOCUMENTATION_COMMENTS = YES;
				CLANG_WARN_EMPTY_BODY = YES;
				CLANG_WARN_ENUM_CONVERSION = YES;
				CLANG_WARN_INFINITE_RECURSION = YES;
				CLANG_WARN_INT_CONVERSION = YES;
				CLANG_WARN_OBJC_ROOT_CLASS = YES_ERROR;
				CLANG_WARN_SUSPICIOUS_MOVES = YES;
				CLANG_WARN_UNREACHABLE_CODE = YES;
				CLANG_WARN__DUPLICATE_METHOD_MATCH = YES;
				"CODE_SIGN_IDENTITY[sdk=iphoneos*]" = "iPhone Developer";
				COPY_PHASE_STRIP = NO;
				DEBUG_INFORMATION_FORMAT = dwarf;
				ENABLE_STRICT_OBJC_MSGSEND = YES;
				ENABLE_TESTABILITY = YES;
				GCC_C_LANGUAGE_STANDARD = gnu99;
				GCC_DYNAMIC_NO_PIC = NO;
				GCC_NO_COMMON_BLOCKS = YES;
				GCC_OPTIMIZATION_LEVEL = 0;
				GCC_PREPROCESSOR_DEFINITIONS = (
					"DEBUG=1",
					"$(inherited)",
				);
				GCC_WARN_64_TO_32_BIT_CONVERSION = YES;
				GCC_WARN_ABOUT_RETURN_TYPE = YES_ERROR;
				GCC_WARN_UNDECLARED_SELECTOR = YES;
				GCC_WARN_UNINITIALIZED_AUTOS = YES_AGGRESSIVE;
				GCC_WARN_UNUSED_FUNCTION = YES;
				GCC_WARN_UNUSED_VARIABLE = YES;
				IPHONEOS_DEPLOYMENT_TARGET = 10.0;
				MTL_ENABLE_DEBUG_INFO = YES;
				ONLY_ACTIVE_ARCH = YES;
				SDKROOT = iphoneos;
				SWIFT_ACTIVE_COMPILATION_CONDITIONS = DEBUG;
				SWIFT_OPTIMIZATION_LEVEL = "-Onone";
				TARGETED_DEVICE_FAMILY = "1,2";
			};
			name = Debug;
		};
		C2856C0C1D97077200AF1C69 /* Release */ = {
			isa = XCBuildConfiguration;
			buildSettings = {
				ALWAYS_SEARCH_USER_PATHS = NO;
				CLANG_ANALYZER_NONNULL = YES;
				CLANG_CXX_LANGUAGE_STANDARD = "gnu++0x";
				CLANG_CXX_LIBRARY = "libc++";
				CLANG_ENABLE_MODULES = YES;
				CLANG_ENABLE_OBJC_ARC = YES;
				CLANG_WARN_BOOL_CONVERSION = YES;
				CLANG_WARN_CONSTANT_CONVERSION = YES;
				CLANG_WARN_DIRECT_OBJC_ISA_USAGE = YES_ERROR;
				CLANG_WARN_DOCUMENTATION_COMMENTS = YES;
				CLANG_WARN_EMPTY_BODY = YES;
				CLANG_WARN_ENUM_CONVERSION = YES;
				CLANG_WARN_INFINITE_RECURSION = YES;
				CLANG_WARN_INT_CONVERSION = YES;
				CLANG_WARN_OBJC_ROOT_CLASS = YES_ERROR;
				CLANG_WARN_SUSPICIOUS_MOVES = YES;
				CLANG_WARN_UNREACHABLE_CODE = YES;
				CLANG_WARN__DUPLICATE_METHOD_MATCH = YES;
				"CODE_SIGN_IDENTITY[sdk=iphoneos*]" = "iPhone Developer";
				COPY_PHASE_STRIP = NO;
				DEBUG_INFORMATION_FORMAT = "dwarf-with-dsym";
				ENABLE_NS_ASSERTIONS = NO;
				ENABLE_STRICT_OBJC_MSGSEND = YES;
				GCC_C_LANGUAGE_STANDARD = gnu99;
				GCC_NO_COMMON_BLOCKS = YES;
				GCC_WARN_64_TO_32_BIT_CONVERSION = YES;
				GCC_WARN_ABOUT_RETURN_TYPE = YES_ERROR;
				GCC_WARN_UNDECLARED_SELECTOR = YES;
				GCC_WARN_UNINITIALIZED_AUTOS = YES_AGGRESSIVE;
				GCC_WARN_UNUSED_FUNCTION = YES;
				GCC_WARN_UNUSED_VARIABLE = YES;
				IPHONEOS_DEPLOYMENT_TARGET = 10.0;
				MTL_ENABLE_DEBUG_INFO = NO;
				SDKROOT = iphoneos;
				SWIFT_OPTIMIZATION_LEVEL = "-Owholemodule";
				TARGETED_DEVICE_FAMILY = "1,2";
				VALIDATE_PRODUCT = YES;
			};
			name = Release;
		};
		C2856C0E1D97077200AF1C69 /* Debug */ = {
			isa = XCBuildConfiguration;
			buildSettings = {
				ASSETCATALOG_COMPILER_APPICON_NAME = AppIcon;
				INFOPLIST_FILE = ListaDeMercados/Info.plist;
				LD_RUNPATH_SEARCH_PATHS = "$(inherited) @executable_path/Frameworks";
				PRODUCT_BUNDLE_IDENTIFIER = com.culik.br.ListaDeMercados;
				PRODUCT_NAME = "$(TARGET_NAME)";
				SWIFT_VERSION = 3.0;
			};
			name = Debug;
		};
		C2856C0F1D97077200AF1C69 /* Release */ = {
			isa = XCBuildConfiguration;
			buildSettings = {
				ASSETCATALOG_COMPILER_APPICON_NAME = AppIcon;
				INFOPLIST_FILE = ListaDeMercados/Info.plist;
				LD_RUNPATH_SEARCH_PATHS = "$(inherited) @executable_path/Frameworks";
				PRODUCT_BUNDLE_IDENTIFIER = com.culik.br.ListaDeMercados;
				PRODUCT_NAME = "$(TARGET_NAME)";
				SWIFT_VERSION = 3.0;
			};
			name = Release;
		};
/* End XCBuildConfiguration section */

/* Begin XCConfigurationList section */
		C2856BF31D97077200AF1C69 /* Build configuration list for PBXProject "ListaDeMercados" */ = {
			isa = XCConfigurationList;
			buildConfigurations = (
				C2856C0B1D97077200AF1C69 /* Debug */,
				C2856C0C1D97077200AF1C69 /* Release */,
			);
			defaultConfigurationIsVisible = 0;
			defaultConfigurationName = Release;
		};
		C2856C0D1D97077200AF1C69 /* Build configuration list for PBXNativeTarget "ListaDeMercados" */ = {
			isa = XCConfigurationList;
			buildConfigurations = (
				C2856C0E1D97077200AF1C69 /* Debug */,
				C2856C0F1D97077200AF1C69 /* Release */,
			);
			defaultConfigurationIsVisible = 0;
		};
/* End XCConfigurationList section */

/* Begin XCVersionGroup section */
		C2856C021D97077200AF1C69 /* ListaDeMercados.xcdatamodeld */ = {
			isa = XCVersionGroup;
			children = (
				C2856C031D97077200AF1C69 /* ListaDeMercados.xcdatamodel */,
			);
			currentVersion = C2856C031D97077200AF1C69 /* ListaDeMercados.xcdatamodel */;
			path = ListaDeMercados.xcdatamodeld;
			sourceTree = "<group>";
			versionGroupType = wrapper.xcdatamodel;
		};
/* End XCVersionGroup section */
	};
	rootObject = C2856BF01D97077200AF1C69 /* Project object */;
}
